
Microsoft Visual Studio Solution File, Format Version 12.00
# Visual Studio Version 16
VisualStudioVersion = 16.0.31702.278
MinimumVisualStudioVersion = 10.0.40219.1
Project("{9A19103F-16F7-4668-BE54-9A1E7A4F7556}") = "Cuenta_T 2.0", "Cuenta_T 2.0\Cuenta_T 2.0.csproj", "{A3673487-870B-4DE4-AFB6-52C5B3F9360C}"
EndProject
Project("{FAE04EC0-301F-11D3-BF4B-00C04F79EFBC}") = "Entidad", "Entidad\Entidad.csproj", "{968FC1D3-36FF-41A3-80CD-33D2958993A6}"
EndProject
Global
	GlobalSection(SolutionConfigurationPlatforms) = preSolution
		Debug|Any CPU = Debug|Any CPU
		Release|Any CPU = Release|Any CPU
	EndGlobalSection
	GlobalSection(ProjectConfigurationPlatforms) = postSolution
		{A3673487-870B-4DE4-AFB6-52C5B3F9360C}.Debug|Any CPU.ActiveCfg = Debug|Any CPU
		{A3673487-870B-4DE4-AFB6-52C5B3F9360C}.Debug|Any CPU.Build.0 = Debug|Any CPU
		{A3673487-870B-4DE4-AFB6-52C5B3F9360C}.Release|Any CPU.ActiveCfg = Release|Any CPU
		{A3673487-870B-4DE4-AFB6-52C5B3F9360C}.Release|Any CPU.Build.0 = Release|Any CPU
		{968FC1D3-36FF-41A3-80CD-33D2958993A6}.Debug|Any CPU.ActiveCfg = Debug|Any CPU
		{968FC1D3-36FF-41A3-80CD-33D2958993A6}.Debug|Any CPU.Build.0 = Debug|Any CPU
		{968FC1D3-36FF-41A3-80CD-33D2958993A6}.Release|Any CPU.ActiveCfg = Release|Any CPU
		{968FC1D3-36FF-41A3-80CD-33D2958993A6}.Release|Any CPU.Build.0 = Release|Any CPU
	EndGlobalSection
	GlobalSection(SolutionProperties) = preSolution
		HideSolutionNode = FALSE
	EndGlobalSection
	GlobalSection(ExtensibilityGlobals) = postSolution
		SolutionGuid = {07186089-66F4-4D00-A3EB-35EE629A1CBE}
	EndGlobalSection
EndGlobal
